
Microsoft Visual Studio Solution File, Format Version 12.00
# Visual Studio Version 16
VisualStudioVersion = 16.0.30503.244
MinimumVisualStudioVersion = 10.0.40219.1
Project("{FAE04EC0-301F-11D3-BF4B-00C04F79EFBC}") = "MvcFirst", "MvcFirst.csproj", "{34A9767C-721F-4994-94E6-2FD9B832F343}"
EndProject
Global
	GlobalSection(SolutionConfigurationPlatforms) = preSolution
		Debug|Any CPU = Debug|Any CPU
		Release|Any CPU = Release|Any CPU
	EndGlobalSection
	GlobalSection(ProjectConfigurationPlatforms) = postSolution
		{34A9767C-721F-4994-94E6-2FD9B832F343}.Debug|Any CPU.ActiveCfg = Debug|Any CPU
		{34A9767C-721F-4994-94E6-2FD9B832F343}.Debug|Any CPU.Build.0 = Debug|Any CPU
		{34A9767C-721F-4994-94E6-2FD9B832F343}.Release|Any CPU.ActiveCfg = Release|Any CPU
		{34A9767C-721F-4994-94E6-2FD9B832F343}.Release|Any CPU.Build.0 = Release|Any CPU
	EndGlobalSection
	GlobalSection(SolutionProperties) = preSolution
		HideSolutionNode = FALSE
	EndGlobalSection
	GlobalSection(ExtensibilityGlobals) = postSolution
		SolutionGuid = {05BF9932-E8DF-4DC2-B640-1CB15D5720BA}
	EndGlobalSection
EndGlobal
